
Microsoft Visual Studio Solution File, Format Version 12.00
Project("{FAE04EC0-301F-11D3-BF4B-00C04F79EFBC}") = "DoganWallet.Domain", "DoganWallet.Domain\DoganWallet.Domain.csproj", "{48EC943B-7218-47D3-9ADB-8E7B4C7B4762}"
EndProject
Project("{FAE04EC0-301F-11D3-BF4B-00C04F79EFBC}") = "DoganWallet.Core", "DoganWallet.Core\DoganWallet.Core.csproj", "{F752E9D3-801A-48A7-95BD-1D25B9D3497A}"
EndProject
Project("{FAE04EC0-301F-11D3-BF4B-00C04F79EFBC}") = "DoganWallet.Event", "DoganWallet.Event\DoganWallet.Event.csproj", "{285E75FE-5EB5-42D8-B52A-911D1F9737EF}"
EndProject
Project("{FAE04EC0-301F-11D3-BF4B-00C04F79EFBC}") = "DoganWallet.Repository", "DoganWallet.Repository\DoganWallet.Repository.csproj", "{4D1F7772-D278-4B89-957C-A11CE7A8A13E}"
EndProject
Global
	GlobalSection(SolutionConfigurationPlatforms) = preSolution
		Debug|Any CPU = Debug|Any CPU
		Release|Any CPU = Release|Any CPU
	EndGlobalSection
	GlobalSection(ProjectConfigurationPlatforms) = postSolution
		{48EC943B-7218-47D3-9ADB-8E7B4C7B4762}.Debug|Any CPU.ActiveCfg = Debug|Any CPU
		{48EC943B-7218-47D3-9ADB-8E7B4C7B4762}.Debug|Any CPU.Build.0 = Debug|Any CPU
		{48EC943B-7218-47D3-9ADB-8E7B4C7B4762}.Release|Any CPU.ActiveCfg = Release|Any CPU
		{48EC943B-7218-47D3-9ADB-8E7B4C7B4762}.Release|Any CPU.Build.0 = Release|Any CPU
		{F752E9D3-801A-48A7-95BD-1D25B9D3497A}.Debug|Any CPU.ActiveCfg = Debug|Any CPU
		{F752E9D3-801A-48A7-95BD-1D25B9D3497A}.Debug|Any CPU.Build.0 = Debug|Any CPU
		{F752E9D3-801A-48A7-95BD-1D25B9D3497A}.Release|Any CPU.ActiveCfg = Release|Any CPU
		{F752E9D3-801A-48A7-95BD-1D25B9D3497A}.Release|Any CPU.Build.0 = Release|Any CPU
		{285E75FE-5EB5-42D8-B52A-911D1F9737EF}.Debug|Any CPU.ActiveCfg = Debug|Any CPU
		{285E75FE-5EB5-42D8-B52A-911D1F9737EF}.Debug|Any CPU.Build.0 = Debug|Any CPU
		{285E75FE-5EB5-42D8-B52A-911D1F9737EF}.Release|Any CPU.ActiveCfg = Release|Any CPU
		{285E75FE-5EB5-42D8-B52A-911D1F9737EF}.Release|Any CPU.Build.0 = Release|Any CPU
		{4D1F7772-D278-4B89-957C-A11CE7A8A13E}.Debug|Any CPU.ActiveCfg = Debug|Any CPU
		{4D1F7772-D278-4B89-957C-A11CE7A8A13E}.Debug|Any CPU.Build.0 = Debug|Any CPU
		{4D1F7772-D278-4B89-957C-A11CE7A8A13E}.Release|Any CPU.ActiveCfg = Release|Any CPU
		{4D1F7772-D278-4B89-957C-A11CE7A8A13E}.Release|Any CPU.Build.0 = Release|Any CPU
	EndGlobalSection
EndGlobal
